
Microsoft Visual Studio Solution File, Format Version 12.00
# Visual Studio Version 17
VisualStudioVersion = 17.2.32526.322
MinimumVisualStudioVersion = 10.0.40219.1
Project("{FAE04EC0-301F-11D3-BF4B-00C04F79EFBC}") = "WPFUI", "WPFUI\WPFUI.csproj", "{EE57CE71-2FBF-431C-B9EF-468729C10BAD}"
EndProject
Global
	GlobalSection(SolutionConfigurationPlatforms) = preSolution
		Debug|Any CPU = Debug|Any CPU
		Release|Any CPU = Release|Any CPU
	EndGlobalSection
	GlobalSection(ProjectConfigurationPlatforms) = postSolution
		{EE57CE71-2FBF-431C-B9EF-468729C10BAD}.Debug|Any CPU.ActiveCfg = Debug|Any CPU
		{EE57CE71-2FBF-431C-B9EF-468729C10BAD}.Debug|Any CPU.Build.0 = Debug|Any CPU
		{EE57CE71-2FBF-431C-B9EF-468729C10BAD}.Release|Any CPU.ActiveCfg = Release|Any CPU
		{EE57CE71-2FBF-431C-B9EF-468729C10BAD}.Release|Any CPU.Build.0 = Release|Any CPU
	EndGlobalSection
	GlobalSection(SolutionProperties) = preSolution
		HideSolutionNode = FALSE
	EndGlobalSection
	GlobalSection(ExtensibilityGlobals) = postSolution
		SolutionGuid = {9319862B-9024-45AF-8C7A-4B189B5A1B1E}
	EndGlobalSection
EndGlobal
